
Microsoft Visual Studio Solution File, Format Version 12.00
# Visual Studio 14
VisualStudioVersion = 14.0.25420.1
MinimumVisualStudioVersion = 10.0.40219.1
Project("{FAE04EC0-301F-11D3-BF4B-00C04F79EFBC}") = "MMU.BoerseDownloader.Logics", "Logics\MMU.BoerseDownloader.Logics.csproj", "{DF1B48E1-30B2-40E9-88E6-8C924312958B}"
EndProject
Project("{FAE04EC0-301F-11D3-BF4B-00C04F79EFBC}") = "MMU.BoerseDownloader.Model", "Model\MMU.BoerseDownloader.Model.csproj", "{9613BCD1-4A72-4205-8E61-5694EB760E03}"
EndProject
Project("{FAE04EC0-301F-11D3-BF4B-00C04F79EFBC}") = "MMU.BoerseDownloader.WpfUI", "WpfUI\MMU.BoerseDownloader.WpfUI.csproj", "{60DC8134-EBA5-43B8-BCC9-BB4BC16C2548}"
EndProject
Project("{FAE04EC0-301F-11D3-BF4B-00C04F79EFBC}") = "MMU.BoerseDownloader.Integration", "Integration\MMU.BoerseDownloader.Integration.csproj", "{BD7A0ED8-D6C6-4904-AF87-D694E319BE25}"
EndProject
Project("{FAE04EC0-301F-11D3-BF4B-00C04F79EFBC}") = "MMU.BoerseDownloader.Common", "Common\MMU.BoerseDownloader.Common.csproj", "{5B997842-4434-48A7-B987-4D33E624FB20}"
EndProject
Project("{FAE04EC0-301F-11D3-BF4B-00C04F79EFBC}") = "MMU.BoerseDownloader.SqlDataAccess", "SqlDataAccess\MMU.BoerseDownloader.SqlDataAccess.csproj", "{FC88F597-3A77-4A5D-8663-900EEF93DE61}"
EndProject
Project("{2150E333-8FDC-42A3-9474-1A3956D46DE8}") = "Solution Items", "Solution Items", "{070A46B9-0C6A-4AD0-BF35-B5C302D13F16}"
	ProjectSection(SolutionItems) = preProject
		Settings.StyleCop = Settings.StyleCop
	EndProjectSection
EndProject
Project("{6141683F-8A12-4E36-9623-2EB02B2C2303}") = "MMU.BoerseDownloader.Setup", "Setup\MMU.BoerseDownloader.Setup.isproj", "{0CB47CBD-9391-4A43-A86E-BD5DEFDA4014}"
	ProjectSection(ProjectDependencies) = postProject
		{60DC8134-EBA5-43B8-BCC9-BB4BC16C2548} = {60DC8134-EBA5-43B8-BCC9-BB4BC16C2548}
	EndProjectSection
EndProject
Global
	GlobalSection(SolutionConfigurationPlatforms) = preSolution
		CD_ROM|Any CPU = CD_ROM|Any CPU
		CD_ROM|ARM = CD_ROM|ARM
		CD_ROM|x64 = CD_ROM|x64
		CD_ROM|x86 = CD_ROM|x86
		Debug|Any CPU = Debug|Any CPU
		Debug|ARM = Debug|ARM
		Debug|x64 = Debug|x64
		Debug|x86 = Debug|x86
		DVD-5|Any CPU = DVD-5|Any CPU
		DVD-5|ARM = DVD-5|ARM
		DVD-5|x64 = DVD-5|x64
		DVD-5|x86 = DVD-5|x86
		Release|Any CPU = Release|Any CPU
		Release|ARM = Release|ARM
		Release|x64 = Release|x64
		Release|x86 = Release|x86
		SingleImage|Any CPU = SingleImage|Any CPU
		SingleImage|ARM = SingleImage|ARM
		SingleImage|x64 = SingleImage|x64
		SingleImage|x86 = SingleImage|x86
	EndGlobalSection
	GlobalSection(ProjectConfigurationPlatforms) = postSolution
		{DF1B48E1-30B2-40E9-88E6-8C924312958B}.CD_ROM|Any CPU.ActiveCfg = Release|Any CPU
		{DF1B48E1-30B2-40E9-88E6-8C924312958B}.CD_ROM|Any CPU.Build.0 = Release|Any CPU
		{DF1B48E1-30B2-40E9-88E6-8C924312958B}.CD_ROM|ARM.ActiveCfg = Release|Any CPU
		{DF1B48E1-30B2-40E9-88E6-8C924312958B}.CD_ROM|ARM.Build.0 = Release|Any CPU
		{DF1B48E1-30B2-40E9-88E6-8C924312958B}.CD_ROM|x64.ActiveCfg = Release|Any CPU
		{DF1B48E1-30B2-40E9-88E6-8C924312958B}.CD_ROM|x64.Build.0 = Release|Any CPU
		{DF1B48E1-30B2-40E9-88E6-8C924312958B}.CD_ROM|x86.ActiveCfg = Release|Any CPU
		{DF1B48E1-30B2-40E9-88E6-8C924312958B}.CD_ROM|x86.Build.0 = Release|Any CPU
		{DF1B48E1-30B2-40E9-88E6-8C924312958B}.Debug|Any CPU.ActiveCfg = Debug|Any CPU
		{DF1B48E1-30B2-40E9-88E6-8C924312958B}.Debug|Any CPU.Build.0 = Debug|Any CPU
		{DF1B48E1-30B2-40E9-88E6-8C924312958B}.Debug|ARM.ActiveCfg = Debug|Any CPU
		{DF1B48E1-30B2-40E9-88E6-8C924312958B}.Debug|ARM.Build.0 = Debug|Any CPU
		{DF1B48E1-30B2-40E9-88E6-8C924312958B}.Debug|x64.ActiveCfg = Debug|Any CPU
		{DF1B48E1-30B2-40E9-88E6-8C924312958B}.Debug|x64.Build.0 = Debug|Any CPU
		{DF1B48E1-30B2-40E9-88E6-8C924312958B}.Debug|x86.ActiveCfg = Debug|Any CPU
		{DF1B48E1-30B2-40E9-88E6-8C924312958B}.Debug|x86.Build.0 = Debug|Any CPU
		{DF1B48E1-30B2-40E9-88E6-8C924312958B}.DVD-5|Any CPU.ActiveCfg = Debug|Any CPU
		{DF1B48E1-30B2-40E9-88E6-8C924312958B}.DVD-5|Any CPU.Build.0 = Debug|Any CPU
		{DF1B48E1-30B2-40E9-88E6-8C924312958B}.DVD-5|ARM.ActiveCfg = Debug|Any CPU
		{DF1B48E1-30B2-40E9-88E6-8C924312958B}.DVD-5|ARM.Build.0 = Debug|Any CPU
		{DF1B48E1-30B2-40E9-88E6-8C924312958B}.DVD-5|x64.ActiveCfg = Debug|Any CPU
		{DF1B48E1-30B2-40E9-88E6-8C924312958B}.DVD-5|x64.Build.0 = Debug|Any CPU
		{DF1B48E1-30B2-40E9-88E6-8C924312958B}.DVD-5|x86.ActiveCfg = Debug|Any CPU
		{DF1B48E1-30B2-40E9-88E6-8C924312958B}.DVD-5|x86.Build.0 = Debug|Any CPU
		{DF1B48E1-30B2-40E9-88E6-8C924312958B}.Release|Any CPU.ActiveCfg = Release|Any CPU
		{DF1B48E1-30B2-40E9-88E6-8C924312958B}.Release|Any CPU.Build.0 = Release|Any CPU
		{DF1B48E1-30B2-40E9-88E6-8C924312958B}.Release|ARM.ActiveCfg = Release|Any CPU
		{DF1B48E1-30B2-40E9-88E6-8C924312958B}.Release|ARM.Build.0 = Release|Any CPU
		{DF1B48E1-30B2-40E9-88E6-8C924312958B}.Release|x64.ActiveCfg = Release|Any CPU
		{DF1B48E1-30B2-40E9-88E6-8C924312958B}.Release|x64.Build.0 = Release|Any CPU
		{DF1B48E1-30B2-40E9-88E6-8C924312958B}.Release|x86.ActiveCfg = Release|Any CPU
		{DF1B48E1-30B2-40E9-88E6-8C924312958B}.Release|x86.Build.0 = Release|Any CPU
		{DF1B48E1-30B2-40E9-88E6-8C924312958B}.SingleImage|Any CPU.ActiveCfg = Release|Any CPU
		{DF1B48E1-30B2-40E9-88E6-8C924312958B}.SingleImage|Any CPU.Build.0 = Release|Any CPU
		{DF1B48E1-30B2-40E9-88E6-8C924312958B}.SingleImage|ARM.ActiveCfg = Release|Any CPU
		{DF1B48E1-30B2-40E9-88E6-8C924312958B}.SingleImage|ARM.Build.0 = Release|Any CPU
		{DF1B48E1-30B2-40E9-88E6-8C924312958B}.SingleImage|x64.ActiveCfg = Release|Any CPU
		{DF1B48E1-30B2-40E9-88E6-8C924312958B}.SingleImage|x64.Build.0 = Release|Any CPU
		{DF1B48E1-30B2-40E9-88E6-8C924312958B}.SingleImage|x86.ActiveCfg = Release|Any CPU
		{DF1B48E1-30B2-40E9-88E6-8C924312958B}.SingleImage|x86.Build.0 = Release|Any CPU
		{9613BCD1-4A72-4205-8E61-5694EB760E03}.CD_ROM|Any CPU.ActiveCfg = Release|Any CPU
		{9613BCD1-4A72-4205-8E61-5694EB760E03}.CD_ROM|Any CPU.Build.0 = Release|Any CPU
		{9613BCD1-4A72-4205-8E61-5694EB760E03}.CD_ROM|ARM.ActiveCfg = Release|Any CPU
		{9613BCD1-4A72-4205-8E61-5694EB760E03}.CD_ROM|ARM.Build.0 = Release|Any CPU
		{9613BCD1-4A72-4205-8E61-5694EB760E03}.CD_ROM|x64.ActiveCfg = Release|Any CPU
		{9613BCD1-4A72-4205-8E61-5694EB760E03}.CD_ROM|x64.Build.0 = Release|Any CPU
		{9613BCD1-4A72-4205-8E61-5694EB760E03}.CD_ROM|x86.ActiveCfg = Release|Any CPU
		{9613BCD1-4A72-4205-8E61-5694EB760E03}.CD_ROM|x86.Build.0 = Release|Any CPU
		{9613BCD1-4A72-4205-8E61-5694EB760E03}.Debug|Any CPU.ActiveCfg = Debug|Any CPU
		{9613BCD1-4A72-4205-8E61-5694EB760E03}.Debug|Any CPU.Build.0 = Debug|Any CPU
		{9613BCD1-4A72-4205-8E61-5694EB760E03}.Debug|ARM.ActiveCfg = Debug|Any CPU
		{9613BCD1-4A72-4205-8E61-5694EB760E03}.Debug|ARM.Build.0 = Debug|Any CPU
		{9613BCD1-4A72-4205-8E61-5694EB760E03}.Debug|x64.ActiveCfg = Debug|Any CPU
		{9613BCD1-4A72-4205-8E61-5694EB760E03}.Debug|x64.Build.0 = Debug|Any CPU
		{9613BCD1-4A72-4205-8E61-5694EB760E03}.Debug|x86.ActiveCfg = Debug|Any CPU
		{9613BCD1-4A72-4205-8E61-5694EB760E03}.Debug|x86.Build.0 = Debug|Any CPU
		{9613BCD1-4A72-4205-8E61-5694EB760E03}.DVD-5|Any CPU.ActiveCfg = Debug|Any CPU
		{9613BCD1-4A72-4205-8E61-5694EB760E03}.DVD-5|Any CPU.Build.0 = Debug|Any CPU
		{9613BCD1-4A72-4205-8E61-5694EB760E03}.DVD-5|ARM.ActiveCfg = Debug|Any CPU
		{9613BCD1-4A72-4205-8E61-5694EB760E03}.DVD-5|ARM.Build.0 = Debug|Any CPU
		{9613BCD1-4A72-4205-8E61-5694EB760E03}.DVD-5|x64.ActiveCfg = Debug|Any CPU
		{9613BCD1-4A72-4205-8E61-5694EB760E03}.DVD-5|x64.Build.0 = Debug|Any CPU
		{9613BCD1-4A72-4205-8E61-5694EB760E03}.DVD-5|x86.ActiveCfg = Debug|Any CPU
		{9613BCD1-4A72-4205-8E61-5694EB760E03}.DVD-5|x86.Build.0 = Debug|Any CPU
		{9613BCD1-4A72-4205-8E61-5694EB760E03}.Release|Any CPU.ActiveCfg = Release|Any CPU
		{9613BCD1-4A72-4205-8E61-5694EB760E03}.Release|Any CPU.Build.0 = Release|Any CPU
		{9613BCD1-4A72-4205-8E61-5694EB760E03}.Release|ARM.ActiveCfg = Release|Any CPU
		{9613BCD1-4A72-4205-8E61-5694EB760E03}.Release|ARM.Build.0 = Release|Any CPU
		{9613BCD1-4A72-4205-8E61-5694EB760E03}.Release|x64.ActiveCfg = Release|Any CPU
		{9613BCD1-4A72-4205-8E61-5694EB760E03}.Release|x64.Build.0 = Release|Any CPU
		{9613BCD1-4A72-4205-8E61-5694EB760E03}.Release|x86.ActiveCfg = Release|Any CPU
		{9613BCD1-4A72-4205-8E61-5694EB760E03}.Release|x86.Build.0 = Release|Any CPU
		{9613BCD1-4A72-4205-8E61-5694EB760E03}.SingleImage|Any CPU.ActiveCfg = Release|Any CPU
		{9613BCD1-4A72-4205-8E61-5694EB760E03}.SingleImage|Any CPU.Build.0 = Release|Any CPU
		{9613BCD1-4A72-4205-8E61-5694EB760E03}.SingleImage|ARM.ActiveCfg = Release|Any CPU
		{9613BCD1-4A72-4205-8E61-5694EB760E03}.SingleImage|ARM.Build.0 = Release|Any CPU
		{9613BCD1-4A72-4205-8E61-5694EB760E03}.SingleImage|x64.ActiveCfg = Release|Any CPU
		{9613BCD1-4A72-4205-8E61-5694EB760E03}.SingleImage|x64.Build.0 = Release|Any CPU
		{9613BCD1-4A72-4205-8E61-5694EB760E03}.SingleImage|x86.ActiveCfg = Release|Any CPU
		{9613BCD1-4A72-4205-8E61-5694EB760E03}.SingleImage|x86.Build.0 = Release|Any CPU
		{60DC8134-EBA5-43B8-BCC9-BB4BC16C2548}.CD_ROM|Any CPU.ActiveCfg = Release|Any CPU
		{60DC8134-EBA5-43B8-BCC9-BB4BC16C2548}.CD_ROM|Any CPU.Build.0 = Release|Any CPU
		{60DC8134-EBA5-43B8-BCC9-BB4BC16C2548}.CD_ROM|ARM.ActiveCfg = Release|Any CPU
		{60DC8134-EBA5-43B8-BCC9-BB4BC16C2548}.CD_ROM|ARM.Build.0 = Release|Any CPU
		{60DC8134-EBA5-43B8-BCC9-BB4BC16C2548}.CD_ROM|x64.ActiveCfg = Release|Any CPU
		{60DC8134-EBA5-43B8-BCC9-BB4BC16C2548}.CD_ROM|x64.Build.0 = Release|Any CPU
		{60DC8134-EBA5-43B8-BCC9-BB4BC16C2548}.CD_ROM|x86.ActiveCfg = Release|Any CPU
		{60DC8134-EBA5-43B8-BCC9-BB4BC16C2548}.CD_ROM|x86.Build.0 = Release|Any CPU
		{60DC8134-EBA5-43B8-BCC9-BB4BC16C2548}.Debug|Any CPU.ActiveCfg = Debug|Any CPU
		{60DC8134-EBA5-43B8-BCC9-BB4BC16C2548}.Debug|Any CPU.Build.0 = Debug|Any CPU
		{60DC8134-EBA5-43B8-BCC9-BB4BC16C2548}.Debug|ARM.ActiveCfg = Debug|Any CPU
		{60DC8134-EBA5-43B8-BCC9-BB4BC16C2548}.Debug|ARM.Build.0 = Debug|Any CPU
		{60DC8134-EBA5-43B8-BCC9-BB4BC16C2548}.Debug|x64.ActiveCfg = Debug|Any CPU
		{60DC8134-EBA5-43B8-BCC9-BB4BC16C2548}.Debug|x64.Build.0 = Debug|Any CPU
		{60DC8134-EBA5-43B8-BCC9-BB4BC16C2548}.Debug|x86.ActiveCfg = Debug|Any CPU
		{60DC8134-EBA5-43B8-BCC9-BB4BC16C2548}.Debug|x86.Build.0 = Debug|Any CPU
		{60DC8134-EBA5-43B8-BCC9-BB4BC16C2548}.DVD-5|Any CPU.ActiveCfg = Debug|Any CPU
		{60DC8134-EBA5-43B8-BCC9-BB4BC16C2548}.DVD-5|Any CPU.Build.0 = Debug|Any CPU
		{60DC8134-EBA5-43B8-BCC9-BB4BC16C2548}.DVD-5|ARM.ActiveCfg = Debug|Any CPU
		{60DC8134-EBA5-43B8-BCC9-BB4BC16C2548}.DVD-5|ARM.Build.0 = Debug|Any CPU
		{60DC8134-EBA5-43B8-BCC9-BB4BC16C2548}.DVD-5|x64.ActiveCfg = Debug|Any CPU
		{60DC8134-EBA5-43B8-BCC9-BB4BC16C2548}.DVD-5|x64.Build.0 = Debug|Any CPU
		{60DC8134-EBA5-43B8-BCC9-BB4BC16C2548}.DVD-5|x86.ActiveCfg = Debug|Any CPU
		{60DC8134-EBA5-43B8-BCC9-BB4BC16C2548}.DVD-5|x86.Build.0 = Debug|Any CPU
		{60DC8134-EBA5-43B8-BCC9-BB4BC16C2548}.Release|Any CPU.ActiveCfg = Release|Any CPU
		{60DC8134-EBA5-43B8-BCC9-BB4BC16C2548}.Release|Any CPU.Build.0 = Release|Any CPU
		{60DC8134-EBA5-43B8-BCC9-BB4BC16C2548}.Release|ARM.ActiveCfg = Release|Any CPU
		{60DC8134-EBA5-43B8-BCC9-BB4BC16C2548}.Release|ARM.Build.0 = Release|Any CPU
		{60DC8134-EBA5-43B8-BCC9-BB4BC16C2548}.Release|x64.ActiveCfg = Release|Any CPU
		{60DC8134-EBA5-43B8-BCC9-BB4BC16C2548}.Release|x64.Build.0 = Release|Any CPU
		{60DC8134-EBA5-43B8-BCC9-BB4BC16C2548}.Release|x86.ActiveCfg = Release|Any CPU
		{60DC8134-EBA5-43B8-BCC9-BB4BC16C2548}.Release|x86.Build.0 = Release|Any CPU
		{60DC8134-EBA5-43B8-BCC9-BB4BC16C2548}.SingleImage|Any CPU.ActiveCfg = Release|Any CPU
		{60DC8134-EBA5-43B8-BCC9-BB4BC16C2548}.SingleImage|Any CPU.Build.0 = Release|Any CPU
		{60DC8134-EBA5-43B8-BCC9-BB4BC16C2548}.SingleImage|ARM.ActiveCfg = Release|Any CPU
		{60DC8134-EBA5-43B8-BCC9-BB4BC16C2548}.SingleImage|ARM.Build.0 = Release|Any CPU
		{60DC8134-EBA5-43B8-BCC9-BB4BC16C2548}.SingleImage|x64.ActiveCfg = Release|Any CPU
		{60DC8134-EBA5-43B8-BCC9-BB4BC16C2548}.SingleImage|x64.Build.0 = Release|Any CPU
		{60DC8134-EBA5-43B8-BCC9-BB4BC16C2548}.SingleImage|x86.ActiveCfg = Release|Any CPU
		{60DC8134-EBA5-43B8-BCC9-BB4BC16C2548}.SingleImage|x86.Build.0 = Release|Any CPU
		{BD7A0ED8-D6C6-4904-AF87-D694E319BE25}.CD_ROM|Any CPU.ActiveCfg = Release|Any CPU
		{BD7A0ED8-D6C6-4904-AF87-D694E319BE25}.CD_ROM|Any CPU.Build.0 = Release|Any CPU
		{BD7A0ED8-D6C6-4904-AF87-D694E319BE25}.CD_ROM|ARM.ActiveCfg = Release|Any CPU
		{BD7A0ED8-D6C6-4904-AF87-D694E319BE25}.CD_ROM|ARM.Build.0 = Release|Any CPU
		{BD7A0ED8-D6C6-4904-AF87-D694E319BE25}.CD_ROM|x64.ActiveCfg = Release|Any CPU
		{BD7A0ED8-D6C6-4904-AF87-D694E319BE25}.CD_ROM|x64.Build.0 = Release|Any CPU
		{BD7A0ED8-D6C6-4904-AF87-D694E319BE25}.CD_ROM|x86.ActiveCfg = Release|Any CPU
		{BD7A0ED8-D6C6-4904-AF87-D694E319BE25}.CD_ROM|x86.Build.0 = Release|Any CPU
		{BD7A0ED8-D6C6-4904-AF87-D694E319BE25}.Debug|Any CPU.ActiveCfg = Debug|Any CPU
		{BD7A0ED8-D6C6-4904-AF87-D694E319BE25}.Debug|Any CPU.Build.0 = Debug|Any CPU
		{BD7A0ED8-D6C6-4904-AF87-D694E319BE25}.Debug|ARM.ActiveCfg = Debug|Any CPU
		{BD7A0ED8-D6C6-4904-AF87-D694E319BE25}.Debug|ARM.Build.0 = Debug|Any CPU
		{BD7A0ED8-D6C6-4904-AF87-D694E319BE25}.Debug|x64.ActiveCfg = Debug|Any CPU
		{BD7A0ED8-D6C6-4904-AF87-D694E319BE25}.Debug|x64.Build.0 = Debug|Any CPU
		{BD7A0ED8-D6C6-4904-AF87-D694E319BE25}.Debug|x86.ActiveCfg = Debug|Any CPU
		{BD7A0ED8-D6C6-4904-AF87-D694E319BE25}.Debug|x86.Build.0 = Debug|Any CPU
		{BD7A0ED8-D6C6-4904-AF87-D694E319BE25}.DVD-5|Any CPU.ActiveCfg = Debug|Any CPU
		{BD7A0ED8-D6C6-4904-AF87-D694E319BE25}.DVD-5|Any CPU.Build.0 = Debug|Any CPU
		{BD7A0ED8-D6C6-4904-AF87-D694E319BE25}.DVD-5|ARM.ActiveCfg = Debug|Any CPU
		{BD7A0ED8-D6C6-4904-AF87-D694E319BE25}.DVD-5|ARM.Build.0 = Debug|Any CPU
		{BD7A0ED8-D6C6-4904-AF87-D694E319BE25}.DVD-5|x64.ActiveCfg = Debug|Any CPU
		{BD7A0ED8-D6C6-4904-AF87-D694E319BE25}.DVD-5|x64.Build.0 = Debug|Any CPU
		{BD7A0ED8-D6C6-4904-AF87-D694E319BE25}.DVD-5|x86.ActiveCfg = Debug|Any CPU
		{BD7A0ED8-D6C6-4904-AF87-D694E319BE25}.DVD-5|x86.Build.0 = Debug|Any CPU
		{BD7A0ED8-D6C6-4904-AF87-D694E319BE25}.Release|Any CPU.ActiveCfg = Release|Any CPU
		{BD7A0ED8-D6C6-4904-AF87-D694E319BE25}.Release|Any CPU.Build.0 = Release|Any CPU
		{BD7A0ED8-D6C6-4904-AF87-D694E319BE25}.Release|ARM.ActiveCfg = Release|Any CPU
		{BD7A0ED8-D6C6-4904-AF87-D694E319BE25}.Release|ARM.Build.0 = Release|Any CPU
		{BD7A0ED8-D6C6-4904-AF87-D694E319BE25}.Release|x64.ActiveCfg = Release|Any CPU
		{BD7A0ED8-D6C6-4904-AF87-D694E319BE25}.Release|x64.Build.0 = Release|Any CPU
		{BD7A0ED8-D6C6-4904-AF87-D694E319BE25}.Release|x86.ActiveCfg = Release|Any CPU
		{BD7A0ED8-D6C6-4904-AF87-D694E319BE25}.Release|x86.Build.0 = Release|Any CPU
		{BD7A0ED8-D6C6-4904-AF87-D694E319BE25}.SingleImage|Any CPU.ActiveCfg = Release|Any CPU
		{BD7A0ED8-D6C6-4904-AF87-D694E319BE25}.SingleImage|Any CPU.Build.0 = Release|Any CPU
		{BD7A0ED8-D6C6-4904-AF87-D694E319BE25}.SingleImage|ARM.ActiveCfg = Release|Any CPU
		{BD7A0ED8-D6C6-4904-AF87-D694E319BE25}.SingleImage|ARM.Build.0 = Release|Any CPU
		{BD7A0ED8-D6C6-4904-AF87-D694E319BE25}.SingleImage|x64.ActiveCfg = Release|Any CPU
		{BD7A0ED8-D6C6-4904-AF87-D694E319BE25}.SingleImage|x64.Build.0 = Release|Any CPU
		{BD7A0ED8-D6C6-4904-AF87-D694E319BE25}.SingleImage|x86.ActiveCfg = Release|Any CPU
		{BD7A0ED8-D6C6-4904-AF87-D694E319BE25}.SingleImage|x86.Build.0 = Release|Any CPU
		{5B997842-4434-48A7-B987-4D33E624FB20}.CD_ROM|Any CPU.ActiveCfg = Release|Any CPU
		{5B997842-4434-48A7-B987-4D33E624FB20}.CD_ROM|Any CPU.Build.0 = Release|Any CPU
		{5B997842-4434-48A7-B987-4D33E624FB20}.CD_ROM|ARM.ActiveCfg = Release|Any CPU
		{5B997842-4434-48A7-B987-4D33E624FB20}.CD_ROM|ARM.Build.0 = Release|Any CPU
		{5B997842-4434-48A7-B987-4D33E624FB20}.CD_ROM|x64.ActiveCfg = Release|Any CPU
		{5B997842-4434-48A7-B987-4D33E624FB20}.CD_ROM|x64.Build.0 = Release|Any CPU
		{5B997842-4434-48A7-B987-4D33E624FB20}.CD_ROM|x86.ActiveCfg = Release|Any CPU
		{5B997842-4434-48A7-B987-4D33E624FB20}.CD_ROM|x86.Build.0 = Release|Any CPU
		{5B997842-4434-48A7-B987-4D33E624FB20}.Debug|Any CPU.ActiveCfg = Debug|Any CPU
		{5B997842-4434-48A7-B987-4D33E624FB20}.Debug|Any CPU.Build.0 = Debug|Any CPU
		{5B997842-4434-48A7-B987-4D33E624FB20}.Debug|ARM.ActiveCfg = Debug|Any CPU
		{5B997842-4434-48A7-B987-4D33E624FB20}.Debug|ARM.Build.0 = Debug|Any CPU
		{5B997842-4434-48A7-B987-4D33E624FB20}.Debug|x64.ActiveCfg = Debug|Any CPU
		{5B997842-4434-48A7-B987-4D33E624FB20}.Debug|x64.Build.0 = Debug|Any CPU
		{5B997842-4434-48A7-B987-4D33E624FB20}.Debug|x86.ActiveCfg = Debug|Any CPU
		{5B997842-4434-48A7-B987-4D33E624FB20}.Debug|x86.Build.0 = Debug|Any CPU
		{5B997842-4434-48A7-B987-4D33E624FB20}.DVD-5|Any CPU.ActiveCfg = Debug|Any CPU
		{5B997842-4434-48A7-B987-4D33E624FB20}.DVD-5|Any CPU.Build.0 = Debug|Any CPU
		{5B997842-4434-48A7-B987-4D33E624FB20}.DVD-5|ARM.ActiveCfg = Debug|Any CPU
		{5B997842-4434-48A7-B987-4D33E624FB20}.DVD-5|ARM.Build.0 = Debug|Any CPU
		{5B997842-4434-48A7-B987-4D33E624FB20}.DVD-5|x64.ActiveCfg = Debug|Any CPU
		{5B997842-4434-48A7-B987-4D33E624FB20}.DVD-5|x64.Build.0 = Debug|Any CPU
		{5B997842-4434-48A7-B987-4D33E624FB20}.DVD-5|x86.ActiveCfg = Debug|Any CPU
		{5B997842-4434-48A7-B987-4D33E624FB20}.DVD-5|x86.Build.0 = Debug|Any CPU
		{5B997842-4434-48A7-B987-4D33E624FB20}.Release|Any CPU.ActiveCfg = Release|Any CPU
		{5B997842-4434-48A7-B987-4D33E624FB20}.Release|Any CPU.Build.0 = Release|Any CPU
		{5B997842-4434-48A7-B987-4D33E624FB20}.Release|ARM.ActiveCfg = Release|Any CPU
		{5B997842-4434-48A7-B987-4D33E624FB20}.Release|ARM.Build.0 = Release|Any CPU
		{5B997842-4434-48A7-B987-4D33E624FB20}.Release|x64.ActiveCfg = Release|Any CPU
		{5B997842-4434-48A7-B987-4D33E624FB20}.Release|x64.Build.0 = Release|Any CPU
		{5B997842-4434-48A7-B987-4D33E624FB20}.Release|x86.ActiveCfg = Release|Any CPU
		{5B997842-4434-48A7-B987-4D33E624FB20}.Release|x86.Build.0 = Release|Any CPU
		{5B997842-4434-48A7-B987-4D33E624FB20}.SingleImage|Any CPU.ActiveCfg = Release|Any CPU
		{5B997842-4434-48A7-B987-4D33E624FB20}.SingleImage|Any CPU.Build.0 = Release|Any CPU
		{5B997842-4434-48A7-B987-4D33E624FB20}.SingleImage|ARM.ActiveCfg = Release|Any CPU
		{5B997842-4434-48A7-B987-4D33E624FB20}.SingleImage|ARM.Build.0 = Release|Any CPU
		{5B997842-4434-48A7-B987-4D33E624FB20}.SingleImage|x64.ActiveCfg = Release|Any CPU
		{5B997842-4434-48A7-B987-4D33E624FB20}.SingleImage|x64.Build.0 = Release|Any CPU
		{5B997842-4434-48A7-B987-4D33E624FB20}.SingleImage|x86.ActiveCfg = Release|Any CPU
		{5B997842-4434-48A7-B987-4D33E624FB20}.SingleImage|x86.Build.0 = Release|Any CPU
		{FC88F597-3A77-4A5D-8663-900EEF93DE61}.CD_ROM|Any CPU.ActiveCfg = Release|Any CPU
		{FC88F597-3A77-4A5D-8663-900EEF93DE61}.CD_ROM|Any CPU.Build.0 = Release|Any CPU
		{FC88F597-3A77-4A5D-8663-900EEF93DE61}.CD_ROM|ARM.ActiveCfg = Release|Any CPU
		{FC88F597-3A77-4A5D-8663-900EEF93DE61}.CD_ROM|ARM.Build.0 = Release|Any CPU
		{FC88F597-3A77-4A5D-8663-900EEF93DE61}.CD_ROM|x64.ActiveCfg = Release|Any CPU
		{FC88F597-3A77-4A5D-8663-900EEF93DE61}.CD_ROM|x64.Build.0 = Release|Any CPU
		{FC88F597-3A77-4A5D-8663-900EEF93DE61}.CD_ROM|x86.ActiveCfg = Release|Any CPU
		{FC88F597-3A77-4A5D-8663-900EEF93DE61}.CD_ROM|x86.Build.0 = Release|Any CPU
		{FC88F597-3A77-4A5D-8663-900EEF93DE61}.Debug|Any CPU.ActiveCfg = Debug|Any CPU
		{FC88F597-3A77-4A5D-8663-900EEF93DE61}.Debug|Any CPU.Build.0 = Debug|Any CPU
		{FC88F597-3A77-4A5D-8663-900EEF93DE61}.Debug|ARM.ActiveCfg = Debug|Any CPU
		{FC88F597-3A77-4A5D-8663-900EEF93DE61}.Debug|ARM.Build.0 = Debug|Any CPU
		{FC88F597-3A77-4A5D-8663-900EEF93DE61}.Debug|x64.ActiveCfg = Debug|Any CPU
		{FC88F597-3A77-4A5D-8663-900EEF93DE61}.Debug|x64.Build.0 = Debug|Any CPU
		{FC88F597-3A77-4A5D-8663-900EEF93DE61}.Debug|x86.ActiveCfg = Debug|Any CPU
		{FC88F597-3A77-4A5D-8663-900EEF93DE61}.Debug|x86.Build.0 = Debug|Any CPU
		{FC88F597-3A77-4A5D-8663-900EEF93DE61}.DVD-5|Any CPU.ActiveCfg = Debug|Any CPU
		{FC88F597-3A77-4A5D-8663-900EEF93DE61}.DVD-5|Any CPU.Build.0 = Debug|Any CPU
		{FC88F597-3A77-4A5D-8663-900EEF93DE61}.DVD-5|ARM.ActiveCfg = Debug|Any CPU
		{FC88F597-3A77-4A5D-8663-900EEF93DE61}.DVD-5|ARM.Build.0 = Debug|Any CPU
		{FC88F597-3A77-4A5D-8663-900EEF93DE61}.DVD-5|x64.ActiveCfg = Debug|Any CPU
		{FC88F597-3A77-4A5D-8663-900EEF93DE61}.DVD-5|x64.Build.0 = Debug|Any CPU
		{FC88F597-3A77-4A5D-8663-900EEF93DE61}.DVD-5|x86.ActiveCfg = Debug|Any CPU
		{FC88F597-3A77-4A5D-8663-900EEF93DE61}.DVD-5|x86.Build.0 = Debug|Any CPU
		{FC88F597-3A77-4A5D-8663-900EEF93DE61}.Release|Any CPU.ActiveCfg = Release|Any CPU
		{FC88F597-3A77-4A5D-8663-900EEF93DE61}.Release|Any CPU.Build.0 = Release|Any CPU
		{FC88F597-3A77-4A5D-8663-900EEF93DE61}.Release|ARM.ActiveCfg = Release|Any CPU
		{FC88F597-3A77-4A5D-8663-900EEF93DE61}.Release|ARM.Build.0 = Release|Any CPU
		{FC88F597-3A77-4A5D-8663-900EEF93DE61}.Release|x64.ActiveCfg = Release|Any CPU
		{FC88F597-3A77-4A5D-8663-900EEF93DE61}.Release|x64.Build.0 = Release|Any CPU
		{FC88F597-3A77-4A5D-8663-900EEF93DE61}.Release|x86.ActiveCfg = Release|Any CPU
		{FC88F597-3A77-4A5D-8663-900EEF93DE61}.Release|x86.Build.0 = Release|Any CPU
		{FC88F597-3A77-4A5D-8663-900EEF93DE61}.SingleImage|Any CPU.ActiveCfg = Release|Any CPU
		{FC88F597-3A77-4A5D-8663-900EEF93DE61}.SingleImage|Any CPU.Build.0 = Release|Any CPU
		{FC88F597-3A77-4A5D-8663-900EEF93DE61}.SingleImage|ARM.ActiveCfg = Release|Any CPU
		{FC88F597-3A77-4A5D-8663-900EEF93DE61}.SingleImage|ARM.Build.0 = Release|Any CPU
		{FC88F597-3A77-4A5D-8663-900EEF93DE61}.SingleImage|x64.ActiveCfg = Release|Any CPU
		{FC88F597-3A77-4A5D-8663-900EEF93DE61}.SingleImage|x64.Build.0 = Release|Any CPU
		{FC88F597-3A77-4A5D-8663-900EEF93DE61}.SingleImage|x86.ActiveCfg = Release|Any CPU
		{FC88F597-3A77-4A5D-8663-900EEF93DE61}.SingleImage|x86.Build.0 = Release|Any CPU
		{0CB47CBD-9391-4A43-A86E-BD5DEFDA4014}.CD_ROM|Any CPU.ActiveCfg = CD_ROM
		{0CB47CBD-9391-4A43-A86E-BD5DEFDA4014}.CD_ROM|Any CPU.Build.0 = CD_ROM
		{0CB47CBD-9391-4A43-A86E-BD5DEFDA4014}.CD_ROM|ARM.ActiveCfg = CD_ROM
		{0CB47CBD-9391-4A43-A86E-BD5DEFDA4014}.CD_ROM|ARM.Build.0 = CD_ROM
		{0CB47CBD-9391-4A43-A86E-BD5DEFDA4014}.CD_ROM|x64.ActiveCfg = CD_ROM
		{0CB47CBD-9391-4A43-A86E-BD5DEFDA4014}.CD_ROM|x64.Build.0 = CD_ROM
		{0CB47CBD-9391-4A43-A86E-BD5DEFDA4014}.CD_ROM|x86.ActiveCfg = CD_ROM
		{0CB47CBD-9391-4A43-A86E-BD5DEFDA4014}.CD_ROM|x86.Build.0 = CD_ROM
		{0CB47CBD-9391-4A43-A86E-BD5DEFDA4014}.Debug|Any CPU.ActiveCfg = DVD-5
		{0CB47CBD-9391-4A43-A86E-BD5DEFDA4014}.Debug|Any CPU.Build.0 = DVD-5
		{0CB47CBD-9391-4A43-A86E-BD5DEFDA4014}.Debug|ARM.ActiveCfg = DVD-5
		{0CB47CBD-9391-4A43-A86E-BD5DEFDA4014}.Debug|ARM.Build.0 = DVD-5
		{0CB47CBD-9391-4A43-A86E-BD5DEFDA4014}.Debug|x64.ActiveCfg = DVD-5
		{0CB47CBD-9391-4A43-A86E-BD5DEFDA4014}.Debug|x64.Build.0 = DVD-5
		{0CB47CBD-9391-4A43-A86E-BD5DEFDA4014}.Debug|x86.ActiveCfg = DVD-5
		{0CB47CBD-9391-4A43-A86E-BD5DEFDA4014}.Debug|x86.Build.0 = DVD-5
		{0CB47CBD-9391-4A43-A86E-BD5DEFDA4014}.DVD-5|Any CPU.ActiveCfg = DVD-5
		{0CB47CBD-9391-4A43-A86E-BD5DEFDA4014}.DVD-5|Any CPU.Build.0 = DVD-5
		{0CB47CBD-9391-4A43-A86E-BD5DEFDA4014}.DVD-5|ARM.ActiveCfg = DVD-5
		{0CB47CBD-9391-4A43-A86E-BD5DEFDA4014}.DVD-5|ARM.Build.0 = DVD-5
		{0CB47CBD-9391-4A43-A86E-BD5DEFDA4014}.DVD-5|x64.ActiveCfg = DVD-5
		{0CB47CBD-9391-4A43-A86E-BD5DEFDA4014}.DVD-5|x64.Build.0 = DVD-5
		{0CB47CBD-9391-4A43-A86E-BD5DEFDA4014}.DVD-5|x86.ActiveCfg = DVD-5
		{0CB47CBD-9391-4A43-A86E-BD5DEFDA4014}.DVD-5|x86.Build.0 = DVD-5
		{0CB47CBD-9391-4A43-A86E-BD5DEFDA4014}.Release|Any CPU.ActiveCfg = SingleImage
		{0CB47CBD-9391-4A43-A86E-BD5DEFDA4014}.Release|Any CPU.Build.0 = SingleImage
		{0CB47CBD-9391-4A43-A86E-BD5DEFDA4014}.Release|ARM.ActiveCfg = SingleImage
		{0CB47CBD-9391-4A43-A86E-BD5DEFDA4014}.Release|ARM.Build.0 = SingleImage
		{0CB47CBD-9391-4A43-A86E-BD5DEFDA4014}.Release|x64.ActiveCfg = SingleImage
		{0CB47CBD-9391-4A43-A86E-BD5DEFDA4014}.Release|x64.Build.0 = SingleImage
		{0CB47CBD-9391-4A43-A86E-BD5DEFDA4014}.Release|x86.ActiveCfg = SingleImage
		{0CB47CBD-9391-4A43-A86E-BD5DEFDA4014}.Release|x86.Build.0 = SingleImage
		{0CB47CBD-9391-4A43-A86E-BD5DEFDA4014}.SingleImage|Any CPU.ActiveCfg = SingleImage
		{0CB47CBD-9391-4A43-A86E-BD5DEFDA4014}.SingleImage|Any CPU.Build.0 = SingleImage
		{0CB47CBD-9391-4A43-A86E-BD5DEFDA4014}.SingleImage|ARM.ActiveCfg = SingleImage
		{0CB47CBD-9391-4A43-A86E-BD5DEFDA4014}.SingleImage|ARM.Build.0 = SingleImage
		{0CB47CBD-9391-4A43-A86E-BD5DEFDA4014}.SingleImage|x64.ActiveCfg = SingleImage
		{0CB47CBD-9391-4A43-A86E-BD5DEFDA4014}.SingleImage|x64.Build.0 = SingleImage
		{0CB47CBD-9391-4A43-A86E-BD5DEFDA4014}.SingleImage|x86.ActiveCfg = SingleImage
		{0CB47CBD-9391-4A43-A86E-BD5DEFDA4014}.SingleImage|x86.Build.0 = SingleImage
	EndGlobalSection
	GlobalSection(SolutionProperties) = preSolution
		HideSolutionNode = FALSE
	EndGlobalSection
EndGlobal
